
Microsoft Visual Studio Solution File, Format Version 12.00
# Visual Studio Version 17
VisualStudioVersion = 17.7.34031.279
MinimumVisualStudioVersion = 10.0.40219.1
Project("{8BC9CEB8-8B4A-11D0-8D11-00A0C91BC942}") = "Eight_Queen", "Eight_Queen\Eight_Queen.vcxproj", "{41BED7EE-F2A2-4C80-89A7-C26DF3E431C4}"
EndProject
Global
	GlobalSection(SolutionConfigurationPlatforms) = preSolution
		Debug|x64 = Debug|x64
		Debug|x86 = Debug|x86
		Release|x64 = Release|x64
		Release|x86 = Release|x86
	EndGlobalSection
	GlobalSection(ProjectConfigurationPlatforms) = postSolution
		{41BED7EE-F2A2-4C80-89A7-C26DF3E431C4}.Debug|x64.ActiveCfg = Debug|x64
		{41BED7EE-F2A2-4C80-89A7-C26DF3E431C4}.Debug|x64.Build.0 = Debug|x64
		{41BED7EE-F2A2-4C80-89A7-C26DF3E431C4}.Debug|x86.ActiveCfg = Debug|Win32
		{41BED7EE-F2A2-4C80-89A7-C26DF3E431C4}.Debug|x86.Build.0 = Debug|Win32
		{41BED7EE-F2A2-4C80-89A7-C26DF3E431C4}.Release|x64.ActiveCfg = Release|x64
		{41BED7EE-F2A2-4C80-89A7-C26DF3E431C4}.Release|x64.Build.0 = Release|x64
		{41BED7EE-F2A2-4C80-89A7-C26DF3E431C4}.Release|x86.ActiveCfg = Release|Win32
		{41BED7EE-F2A2-4C80-89A7-C26DF3E431C4}.Release|x86.Build.0 = Release|Win32
	EndGlobalSection
	GlobalSection(SolutionProperties) = preSolution
		HideSolutionNode = FALSE
	EndGlobalSection
	GlobalSection(ExtensibilityGlobals) = postSolution
		SolutionGuid = {1EC5E0A0-5FFF-44FF-9545-9016153CF934}
	EndGlobalSection
EndGlobal
