
Microsoft Visual Studio Solution File, Format Version 12.00
# Visual Studio Version 17
VisualStudioVersion = 17.7.34031.279
MinimumVisualStudioVersion = 10.0.40219.1
Project("{8BC9CEB8-8B4A-11D0-8D11-00A0C91BC942}") = "二叉排序树", "二叉排序树\二叉排序树.vcxproj", "{BC566D90-8A73-459A-9317-12FA644DBBB6}"
EndProject
Global
	GlobalSection(SolutionConfigurationPlatforms) = preSolution
		Debug|x64 = Debug|x64
		Debug|x86 = Debug|x86
		Release|x64 = Release|x64
		Release|x86 = Release|x86
	EndGlobalSection
	GlobalSection(ProjectConfigurationPlatforms) = postSolution
		{BC566D90-8A73-459A-9317-12FA644DBBB6}.Debug|x64.ActiveCfg = Debug|x64
		{BC566D90-8A73-459A-9317-12FA644DBBB6}.Debug|x64.Build.0 = Debug|x64
		{BC566D90-8A73-459A-9317-12FA644DBBB6}.Debug|x86.ActiveCfg = Debug|Win32
		{BC566D90-8A73-459A-9317-12FA644DBBB6}.Debug|x86.Build.0 = Debug|Win32
		{BC566D90-8A73-459A-9317-12FA644DBBB6}.Release|x64.ActiveCfg = Release|x64
		{BC566D90-8A73-459A-9317-12FA644DBBB6}.Release|x64.Build.0 = Release|x64
		{BC566D90-8A73-459A-9317-12FA644DBBB6}.Release|x86.ActiveCfg = Release|Win32
		{BC566D90-8A73-459A-9317-12FA644DBBB6}.Release|x86.Build.0 = Release|Win32
	EndGlobalSection
	GlobalSection(SolutionProperties) = preSolution
		HideSolutionNode = FALSE
	EndGlobalSection
	GlobalSection(ExtensibilityGlobals) = postSolution
		SolutionGuid = {C09E9FF4-1719-46B4-9787-56855E148000}
	EndGlobalSection
EndGlobal
