
Microsoft Visual Studio Solution File, Format Version 12.00
# Visual Studio Version 17
VisualStudioVersion = 17.7.34031.279
MinimumVisualStudioVersion = 10.0.40219.1
Project("{8BC9CEB8-8B4A-11D0-8D11-00A0C91BC942}") = "约瑟夫生死游戏", "约瑟夫生死游戏\约瑟夫生死游戏.vcxproj", "{25F6AB9A-3D49-4FFC-ADE7-FC9FF3513B64}"
EndProject
Global
	GlobalSection(SolutionConfigurationPlatforms) = preSolution
		Debug|x64 = Debug|x64
		Debug|x86 = Debug|x86
		Release|x64 = Release|x64
		Release|x86 = Release|x86
	EndGlobalSection
	GlobalSection(ProjectConfigurationPlatforms) = postSolution
		{25F6AB9A-3D49-4FFC-ADE7-FC9FF3513B64}.Debug|x64.ActiveCfg = Debug|x64
		{25F6AB9A-3D49-4FFC-ADE7-FC9FF3513B64}.Debug|x64.Build.0 = Debug|x64
		{25F6AB9A-3D49-4FFC-ADE7-FC9FF3513B64}.Debug|x86.ActiveCfg = Debug|Win32
		{25F6AB9A-3D49-4FFC-ADE7-FC9FF3513B64}.Debug|x86.Build.0 = Debug|Win32
		{25F6AB9A-3D49-4FFC-ADE7-FC9FF3513B64}.Release|x64.ActiveCfg = Release|x64
		{25F6AB9A-3D49-4FFC-ADE7-FC9FF3513B64}.Release|x64.Build.0 = Release|x64
		{25F6AB9A-3D49-4FFC-ADE7-FC9FF3513B64}.Release|x86.ActiveCfg = Release|Win32
		{25F6AB9A-3D49-4FFC-ADE7-FC9FF3513B64}.Release|x86.Build.0 = Release|Win32
	EndGlobalSection
	GlobalSection(SolutionProperties) = preSolution
		HideSolutionNode = FALSE
	EndGlobalSection
	GlobalSection(ExtensibilityGlobals) = postSolution
		SolutionGuid = {D557C9B8-FE96-4D54-BBD0-4804BDABD326}
	EndGlobalSection
EndGlobal
